
Microsoft Visual Studio Solution File, Format Version 12.00
Project("{FAE04EC0-301F-11D3-BF4B-00C04F79EFBC}") = "Komulaine", "Komulaine\Komulaine.csproj", "{F9783B53-B2E8-4BD4-88CD-FC7CD7CC8BCA}"
EndProject
Global
	GlobalSection(SolutionConfigurationPlatforms) = preSolution
		Debug|Any CPU = Debug|Any CPU
		Release|Any CPU = Release|Any CPU
	EndGlobalSection
	GlobalSection(ProjectConfigurationPlatforms) = postSolution
		{F9783B53-B2E8-4BD4-88CD-FC7CD7CC8BCA}.Debug|Any CPU.ActiveCfg = Debug|Any CPU
		{F9783B53-B2E8-4BD4-88CD-FC7CD7CC8BCA}.Debug|Any CPU.Build.0 = Debug|Any CPU
		{F9783B53-B2E8-4BD4-88CD-FC7CD7CC8BCA}.Release|Any CPU.ActiveCfg = Release|Any CPU
		{F9783B53-B2E8-4BD4-88CD-FC7CD7CC8BCA}.Release|Any CPU.Build.0 = Release|Any CPU
	EndGlobalSection
EndGlobal
